// !$*UTF8*$!
{
	archiveVersion = 1;
	classes = {
	};
	objectVersion = 51;
	objects = {

/* Begin PBXBuildFile section */
		1310D04F2400ED22002EBA84 /* AppDelegate.swift in Sources */ = {isa = PBXBuildFile; fileRef = 1310D04E2400ED22002EBA84 /* AppDelegate.swift */; };
		1310D0512400ED22002EBA84 /* SceneDelegate.swift in Sources */ = {isa = PBXBuildFile; fileRef = 1310D0502400ED22002EBA84 /* SceneDelegate.swift */; };
		1310D0532400ED22002EBA84 /* ViewController.swift in Sources */ = {isa = PBXBuildFile; fileRef = 1310D0522400ED22002EBA84 /* ViewController.swift */; };
		1310D0562400ED22002EBA84 /* Main.storyboard in Resources */ = {isa = PBXBuildFile; fileRef = 1310D0542400ED22002EBA84 /* Main.storyboard */; };
		1310D0582400ED26002EBA84 /* Assets.xcassets in Resources */ = {isa = PBXBuildFile; fileRef = 1310D0572400ED26002EBA84 /* Assets.xcassets */; };
		1310D05B2400ED26002EBA84 /* LaunchScreen.storyboard in Resources */ = {isa = PBXBuildFile; fileRef = 1310D0592400ED26002EBA84 /* LaunchScreen.storyboard */; };
		1310D0632400F044002EBA84 /* InputViewController.swift in Sources */ = {isa = PBXBuildFile; fileRef = 1310D0622400F044002EBA84 /* InputViewController.swift */; };
		1310D067240100E7002EBA84 /* Task.swift in Sources */ = {isa = PBXBuildFile; fileRef = 1310D066240100E7002EBA84 /* Task.swift */; };
		5F63D2CA69D81E5EA2B4358C /* Pods_taskapp2.framework in Frameworks */ = {isa = PBXBuildFile; fileRef = AF6C454841690C038A385ED3 /* Pods_taskapp2.framework */; };
/* End PBXBuildFile section */

/* Begin PBXFileReference section */
		1310D04B2400ED22002EBA84 /* taskapp2.app */ = {isa = PBXFileReference; explicitFileType = wrapper.application; includeInIndex = 0; path = taskapp2.app; sourceTree = BUILT_PRODUCTS_DIR; };
		1310D04E2400ED22002EBA84 /* AppDelegate.swift */ = {isa = PBXFileReference; lastKnownFileType = sourcecode.swift; path = AppDelegate.swift; sourceTree = "<group>"; };
		1310D0502400ED22002EBA84 /* SceneDelegate.swift */ = {isa = PBXFileReference; lastKnownFileType = sourcecode.swift; path = SceneDelegate.swift; sourceTree = "<group>"; };
		1310D0522400ED22002EBA84 /* ViewController.swift */ = {isa = PBXFileReference; lastKnownFileType = sourcecode.swift; path = ViewController.swift; sourceTree = "<group>"; };
		1310D0552400ED22002EBA84 /* Base */ = {isa = PBXFileReference; lastKnownFileType = file.storyboard; name = Base; path = Base.lproj/Main.storyboard; sourceTree = "<group>"; };
		1310D0572400ED26002EBA84 /* Assets.xcassets */ = {isa = PBXFileReference; lastKnownFileType = folder.assetcatalog; path = Assets.xcassets; sourceTree = "<group>"; };
		1310D05A2400ED26002EBA84 /* Base */ = {isa = PBXFileReference; lastKnownFileType = file.storyboard; name = Base; path = Base.lproj/LaunchScreen.storyboard; sourceTree = "<group>"; };
		1310D05C2400ED26002EBA84 /* Info.plist */ = {isa = PBXFileReference; lastKnownFileType = text.plist.xml; path = Info.plist; sourceTree = "<group>"; };
		1310D0622400F044002EBA84 /* InputViewController.swift */ = {isa = PBXFileReference; lastKnownFileType = sourcecode.swift; path = InputViewController.swift; sourceTree = "<group>"; };
		1310D066240100E7002EBA84 /* Task.swift */ = {isa = PBXFileReference; lastKnownFileType = sourcecode.swift; path = Task.swift; sourceTree = "<group>"; };
		4D03189FABA9B2FEE7380D41 /* Pods-taskapp2.debug.xcconfig */ = {isa = PBXFileReference; includeInIndex = 1; lastKnownFileType = text.xcconfig; name = "Pods-taskapp2.debug.xcconfig"; path = "Target Support Files/Pods-taskapp2/Pods-taskapp2.debug.xcconfig"; sourceTree = "<group>"; };
		A5F10BA1492AB82494D71AC8 /* Pods-taskapp2.release.xcconfig */ = {isa = PBXFileReference; includeInIndex = 1; lastKnownFileType = text.xcconfig; name = "Pods-taskapp2.release.xcconfig"; path = "Target Support Files/Pods-taskapp2/Pods-taskapp2.release.xcconfig"; sourceTree = "<group>"; };
		AF6C454841690C038A385ED3 /* Pods_taskapp2.framework */ = {isa = PBXFileReference; explicitFileType = wrapper.framework; includeInIndex = 0; path = Pods_taskapp2.framework; sourceTree = BUILT_PRODUCTS_DIR; };
/* End PBXFileReference section */

/* Begin PBXFrameworksBuildPhase section */
		1310D0482400ED22002EBA84 /* Frameworks */ = {
			isa = PBXFrameworksBuildPhase;
			buildActionMask = 2147483647;
			files = (
				5F63D2CA69D81E5EA2B4358C /* Pods_taskapp2.framework in Frameworks */,
			);
			runOnlyForDeploymentPostprocessing = 0;
		};
/* End PBXFrameworksBuildPhase section */

/* Begin PBXGroup section */
		1310D0422400ED22002EBA84 = {
			isa = PBXGroup;
			children = (
				1310D04D2400ED22002EBA84 /* taskapp2 */,
				1310D04C2400ED22002EBA84 /* Products */,
				C7141DB735B5A5194492CB58 /* Pods */,
				B4AED8CFDD0899955FCA0E46 /* Frameworks */,
			);
			sourceTree = "<group>";
		};
		1310D04C2400ED22002EBA84 /* Products */ = {
			isa = PBXGroup;
			children = (
				1310D04B2400ED22002EBA84 /* taskapp2.app */,
			);
			name = Products;
			sourceTree = "<group>";
		};
		1310D04D2400ED22002EBA84 /* taskapp2 */ = {
			isa = PBXGroup;
			children = (
				1310D04E2400ED22002EBA84 /* AppDelegate.swift */,
				1310D0502400ED22002EBA84 /* SceneDelegate.swift */,
				1310D0522400ED22002EBA84 /* ViewController.swift */,
				1310D0622400F044002EBA84 /* InputViewController.swift */,
				1310D0542400ED22002EBA84 /* Main.storyboard */,
				1310D0572400ED26002EBA84 /* Assets.xcassets */,
				1310D0592400ED26002EBA84 /* LaunchScreen.storyboard */,
				1310D05C2400ED26002EBA84 /* Info.plist */,
				1310D066240100E7002EBA84 /* Task.swift */,
			);
			path = taskapp2;
			sourceTree = "<group>";
		};
		B4AED8CFDD0899955FCA0E46 /* Frameworks */ = {
			isa = PBXGroup;
			children = (
				AF6C454841690C038A385ED3 /* Pods_taskapp2.framework */,
			);
			name = Frameworks;
			sourceTree = "<group>";
		};
		C7141DB735B5A5194492CB58 /* Pods */ = {
			isa = PBXGroup;
			children = (
				4D03189FABA9B2FEE7380D41 /* Pods-taskapp2.debug.xcconfig */,
				A5F10BA1492AB82494D71AC8 /* Pods-taskapp2.release.xcconfig */,
			);
			path = Pods;
			sourceTree = "<group>";
		};
/* End PBXGroup section */

/* Begin PBXNativeTarget section */
		1310D04A2400ED22002EBA84 /* taskapp2 */ = {
			isa = PBXNativeTarget;
			buildConfigurationList = 1310D05F2400ED26002EBA84 /* Build configuration list for PBXNativeTarget "taskapp2" */;
			buildPhases = (
				B9AB2915BB9199CE069C10FE /* [CP] Check Pods Manifest.lock */,
				1310D0472400ED22002EBA84 /* Sources */,
				1310D0482400ED22002EBA84 /* Frameworks */,
				1310D0492400ED22002EBA84 /* Resources */,
				BD1698197BDCBFFA69A00D01 /* [CP] Embed Pods Frameworks */,
			);
			buildRules = (
			);
			dependencies = (
			);
			name = taskapp2;
			productName = taskapp2;
			productReference = 1310D04B2400ED22002EBA84 /* taskapp2.app */;
			productType = "com.apple.product-type.application";
		};
/* End PBXNativeTarget section */

/* Begin PBXProject section */
		1310D0432400ED22002EBA84 /* Project object */ = {
			isa = PBXProject;
			attributes = {
				LastSwiftUpdateCheck = 1130;
				LastUpgradeCheck = 1130;
				ORGANIZATIONNAME = takuma.beppu;
				TargetAttributes = {
					1310D04A2400ED22002EBA84 = {
						CreatedOnToolsVersion = 11.3.1;
					};
				};
			};
			buildConfigurationList = 1310D0462400ED22002EBA84 /* Build configuration list for PBXProject "taskapp2" */;
			compatibilityVersion = "Xcode 9.3";
			developmentRegion = en;
			hasScannedForEncodings = 0;
			knownRegions = (
				en,
				Base,
			);
			mainGroup = 1310D0422400ED22002EBA84;
			productRefGroup = 1310D04C2400ED22002EBA84 /* Products */;
			projectDirPath = "";
			projectRoot = "";
			targets = (
				1310D04A2400ED22002EBA84 /* taskapp2 */,
			);
		};
/* End PBXProject section */

/* Begin PBXResourcesBuildPhase section */
		1310D0492400ED22002EBA84 /* Resources */ = {
			isa = PBXResourcesBuildPhase;
			buildActionMask = 2147483647;
			files = (
				1310D05B2400ED26002EBA84 /* LaunchScreen.storyboard in Resources */,
				1310D0582400ED26002EBA84 /* Assets.xcassets in Resources */,
				1310D0562400ED22002EBA84 /* Main.storyboard in Resources */,
			);
			runOnlyForDeploymentPostprocessing = 0;
		};
/* End PBXResourcesBuildPhase section */

/* Begin PBXShellScriptBuildPhase section */
		B9AB2915BB9199CE069C10FE /* [CP] Check Pods Manifest.lock */ = {
			isa = PBXShellScriptBuildPhase;
			buildActionMask = 2147483647;
			files = (
			);
			inputFileListPaths = (
			);
			inputPaths = (
				"${PODS_PODFILE_DIR_PATH}/Podfile.lock",
				"${PODS_ROOT}/Manifest.lock",
			);
			name = "[CP] Check Pods Manifest.lock";
			outputFileListPaths = (
			);
			outputPaths = (
				"$(DERIVED_FILE_DIR)/Pods-taskapp2-checkManifestLockResult.txt",
			);
			runOnlyForDeploymentPostprocessing = 0;
			shellPath = /bin/sh;
			shellScript = "diff \"${PODS_PODFILE_DIR_PATH}/Podfile.lock\" \"${PODS_ROOT}/Manifest.lock\" > /dev/null\nif [ $? != 0 ] ; then\n    # print error to STDERR\n    echo \"error: The sandbox is not in sync with the Podfile.lock. Run 'pod install' or update your CocoaPods installation.\" >&2\n    exit 1\nfi\n# This output is used by Xcode 'outputs' to avoid re-running this script phase.\necho \"SUCCESS\" > \"${SCRIPT_OUTPUT_FILE_0}\"\n";
			showEnvVarsInLog = 0;
		};
		BD1698197BDCBFFA69A00D01 /* [CP] Embed Pods Frameworks */ = {
			isa = PBXShellScriptBuildPhase;
			buildActionMask = 2147483647;
			files = (
			);
			inputFileListPaths = (
				"${PODS_ROOT}/Target Support Files/Pods-taskapp2/Pods-taskapp2-frameworks-${CONFIGURATION}-input-files.xcfilelist",
			);
			name = "[CP] Embed Pods Frameworks";
			outputFileListPaths = (
				"${PODS_ROOT}/Target Support Files/Pods-taskapp2/Pods-taskapp2-frameworks-${CONFIGURATION}-output-files.xcfilelist",
			);
			runOnlyForDeploymentPostprocessing = 0;
			shellPath = /bin/sh;
			shellScript = "\"${PODS_ROOT}/Target Support Files/Pods-taskapp2/Pods-taskapp2-frameworks.sh\"\n";
			showEnvVarsInLog = 0;
		};
/* End PBXShellScriptBuildPhase section */

/* Begin PBXSourcesBuildPhase section */
		1310D0472400ED22002EBA84 /* Sources */ = {
			isa = PBXSourcesBuildPhase;
			buildActionMask = 2147483647;
			files = (
				1310D0532400ED22002EBA84 /* ViewController.swift in Sources */,
				1310D04F2400ED22002EBA84 /* AppDelegate.swift in Sources */,
				1310D067240100E7002EBA84 /* Task.swift in Sources */,
				1310D0512400ED22002EBA84 /* SceneDelegate.swift in Sources */,
				1310D0632400F044002EBA84 /* InputViewController.swift in Sources */,
			);
			runOnlyForDeploymentPostprocessing = 0;
		};
/* End PBXSourcesBuildPhase section */

/* Begin PBXVariantGroup section */
		1310D0542400ED22002EBA84 /* Main.storyboard */ = {
			isa = PBXVariantGroup;
			children = (
				1310D0552400ED22002EBA84 /* Base */,
			);
			name = Main.storyboard;
			sourceTree = "<group>";
		};
		1310D0592400ED26002EBA84 /* LaunchScreen.storyboard */ = {
			isa = PBXVariantGroup;
			children = (
				1310D05A2400ED26002EBA84 /* Base */,
			);
			name = LaunchScreen.storyboard;
			sourceTree = "<group>";
		};
/* End PBXVariantGroup section */

/* Begin XCBuildConfiguration section */
		1310D05D2400ED26002EBA84 /* Debug */ = {
			isa = XCBuildConfiguration;
			buildSettings = {
				ALWAYS_SEARCH_USER_PATHS = NO;
				CLANG_ANALYZER_NONNULL = YES;
				CLANG_ANALYZER_NUMBER_OBJECT_CONVERSION = YES_AGGRESSIVE;
				CLANG_CXX_LANGUAGE_STANDARD = "gnu++14";
				CLANG_CXX_LIBRARY = "libc++";
				CLANG_ENABLE_MODULES = YES;
				CLANG_ENABLE_OBJC_ARC = YES;
				CLANG_ENABLE_OBJC_WEAK = YES;
				CLANG_WARN_BLOCK_CAPTURE_AUTORELEASING = YES;
				CLANG_WARN_BOOL_CONVERSION = YES;
				CLANG_WARN_COMMA = YES;
				CLANG_WARN_CONSTANT_CONVERSION = YES;
				CLANG_WARN_DEPRECATED_OBJC_IMPLEMENTATIONS = YES;
				CLANG_WARN_DIRECT_OBJC_ISA_USAGE = YES_ERROR;
				CLANG_WARN_DOCUMENTATION_COMMENTS = YES;
				CLANG_WARN_EMPTY_BODY = YES;
				CLANG_WARN_ENUM_CONVERSION = YES;
				CLANG_WARN_INFINITE_RECURSION = YES;
				CLANG_WARN_INT_CONVERSION = YES;
				CLANG_WARN_NON_LITERAL_NULL_CONVERSION = YES;
				CLANG_WARN_OBJC_IMPLICIT_RETAIN_SELF = YES;
				CLANG_WARN_OBJC_LITERAL_CONVERSION = YES;
				CLANG_WARN_OBJC_ROOT_CLASS = YES_ERROR;
				CLANG_WARN_RANGE_LOOP_ANALYSIS = YES;
				CLANG_WARN_STRICT_PROTOTYPES = YES;
				CLANG_WARN_SUSPICIOUS_MOVE = YES;
				CLANG_WARN_UNGUARDED_AVAILABILITY = YES_AGGRESSIVE;
				CLANG_WARN_UNREACHABLE_CODE = YES;
				CLANG_WARN__DUPLICATE_METHOD_MATCH = YES;
				COPY_PHASE_STRIP = NO;
				DEBUG_INFORMATION_FORMAT = dwarf;
				ENABLE_STRICT_OBJC_MSGSEND = YES;
				ENABLE_TESTABILITY = YES;
				GCC_C_LANGUAGE_STANDARD = gnu11;
				GCC_DYNAMIC_NO_PIC = NO;
				GCC_NO_COMMON_BLOCKS = YES;
				GCC_OPTIMIZATION_LEVEL = 0;
				GCC_PREPROCESSOR_DEFINITIONS = (
					"DEBUG=1",
					"$(inherited)",
				);
				GCC_WARN_64_TO_32_BIT_CONVERSION = YES;
				GCC_WARN_ABOUT_RETURN_TYPE = YES_ERROR;
				GCC_WARN_UNDECLARED_SELECTOR = YES;
				GCC_WARN_UNINITIALIZED_AUTOS = YES_AGGRESSIVE;
				GCC_WARN_UNUSED_FUNCTION = YES;
				GCC_WARN_UNUSED_VARIABLE = YES;
				IPHONEOS_DEPLOYMENT_TARGET = 13.2;
				MTL_ENABLE_DEBUG_INFO = INCLUDE_SOURCE;
				MTL_FAST_MATH = YES;
				ONLY_ACTIVE_ARCH = YES;
				SDKROOT = iphoneos;
				SWIFT_ACTIVE_COMPILATION_CONDITIONS = DEBUG;
				SWIFT_OPTIMIZATION_LEVEL = "-Onone";
			};
			name = Debug;
		};
		1310D05E2400ED26002EBA84 /* Release */ = {
			isa = XCBuildConfiguration;
			buildSettings = {
				ALWAYS_SEARCH_USER_PATHS = NO;
				CLANG_ANALYZER_NONNULL = YES;
				CLANG_ANALYZER_NUMBER_OBJECT_CONVERSION = YES_AGGRESSIVE;
				CLANG_CXX_LANGUAGE_STANDARD = "gnu++14";
				CLANG_CXX_LIBRARY = "libc++";
				CLANG_ENABLE_MODULES = YES;
				CLANG_ENABLE_OBJC_ARC = YES;
				CLANG_ENABLE_OBJC_WEAK = YES;
				CLANG_WARN_BLOCK_CAPTURE_AUTORELEASING = YES;
				CLANG_WARN_BOOL_CONVERSION = YES;
				CLANG_WARN_COMMA = YES;
				CLANG_WARN_CONSTANT_CONVERSION = YES;
				CLANG_WARN_DEPRECATED_OBJC_IMPLEMENTATIONS = YES;
				CLANG_WARN_DIRECT_OBJC_ISA_USAGE = YES_ERROR;
				CLANG_WARN_DOCUMENTATION_COMMENTS = YES;
				CLANG_WARN_EMPTY_BODY = YES;
				CLANG_WARN_ENUM_CONVERSION = YES;
				CLANG_WARN_INFINITE_RECURSION = YES;
				CLANG_WARN_INT_CONVERSION = YES;
				CLANG_WARN_NON_LITERAL_NULL_CONVERSION = YES;
				CLANG_WARN_OBJC_IMPLICIT_RETAIN_SELF = YES;
				CLANG_WARN_OBJC_LITERAL_CONVERSION = YES;
				CLANG_WARN_OBJC_ROOT_CLASS = YES_ERROR;
				CLANG_WARN_RANGE_LOOP_ANALYSIS = YES;
				CLANG_WARN_STRICT_PROTOTYPES = YES;
				CLANG_WARN_SUSPICIOUS_MOVE = YES;
				CLANG_WARN_UNGUARDED_AVAILABILITY = YES_AGGRESSIVE;
				CLANG_WARN_UNREACHABLE_CODE = YES;
				CLANG_WARN__DUPLICATE_METHOD_MATCH = YES;
				COPY_PHASE_STRIP = NO;
				DEBUG_INFORMATION_FORMAT = "dwarf-with-dsym";
				ENABLE_NS_ASSERTIONS = NO;
				ENABLE_STRICT_OBJC_MSGSEND = YES;
				GCC_C_LANGUAGE_STANDARD = gnu11;
				GCC_NO_COMMON_BLOCKS = YES;
				GCC_WARN_64_TO_32_BIT_CONVERSION = YES;
				GCC_WARN_ABOUT_RETURN_TYPE = YES_ERROR;
				GCC_WARN_UNDECLARED_SELECTOR = YES;
				GCC_WARN_UNINITIALIZED_AUTOS = YES_AGGRESSIVE;
				GCC_WARN_UNUSED_FUNCTION = YES;
				GCC_WARN_UNUSED_VARIABLE = YES;
				IPHONEOS_DEPLOYMENT_TARGET = 13.2;
				MTL_ENABLE_DEBUG_INFO = NO;
				MTL_FAST_MATH = YES;
				SDKROOT = iphoneos;
				SWIFT_COMPILATION_MODE = wholemodule;
				SWIFT_OPTIMIZATION_LEVEL = "-O";
				VALIDATE_PRODUCT = YES;
			};
			name = Release;
		};
		1310D0602400ED26002EBA84 /* Debug */ = {
			isa = XCBuildConfiguration;
			baseConfigurationReference = 4D03189FABA9B2FEE7380D41 /* Pods-taskapp2.debug.xcconfig */;
			buildSettings = {
				ASSETCATALOG_COMPILER_APPICON_NAME = AppIcon;
				CODE_SIGN_STYLE = Automatic;
				INFOPLIST_FILE = taskapp2/Info.plist;
				LD_RUNPATH_SEARCH_PATHS = (
					"$(inherited)",
					"@executable_path/Frameworks",
				);
				PRODUCT_BUNDLE_IDENTIFIER = jp.techacademy.takuma.beppu.taskapp2;
				PRODUCT_NAME = "$(TARGET_NAME)";
				SWIFT_VERSION = 5.0;
				TARGETED_DEVICE_FAMILY = 1;
			};
			name = Debug;
		};
		1310D0612400ED26002EBA84 /* Release */ = {
			isa = XCBuildConfiguration;
			baseConfigurationReference = A5F10BA1492AB82494D71AC8 /* Pods-taskapp2.release.xcconfig */;
			buildSettings = {
				ASSETCATALOG_COMPILER_APPICON_NAME = AppIcon;
				CODE_SIGN_STYLE = Automatic;
				INFOPLIST_FILE = taskapp2/Info.plist;
				LD_RUNPATH_SEARCH_PATHS = (
					"$(inherited)",
					"@executable_path/Frameworks",
				);
				PRODUCT_BUNDLE_IDENTIFIER = jp.techacademy.takuma.beppu.taskapp2;
				PRODUCT_NAME = "$(TARGET_NAME)";
				SWIFT_VERSION = 5.0;
				TARGETED_DEVICE_FAMILY = 1;
			};
			name = Release;
		};
/* End XCBuildConfiguration section */

/* Begin XCConfigurationList section */
		1310D0462400ED22002EBA84 /* Build configuration list for PBXProject "taskapp2" */ = {
			isa = XCConfigurationList;
			buildConfigurations = (
				1310D05D2400ED26002EBA84 /* Debug */,
				1310D05E2400ED26002EBA84 /* Release */,
			);
			defaultConfigurationIsVisible = 0;
			defaultConfigurationName = Release;
		};
		1310D05F2400ED26002EBA84 /* Build configuration list for PBXNativeTarget "taskapp2" */ = {
			isa = XCConfigurationList;
			buildConfigurations = (
				1310D0602400ED26002EBA84 /* Debug */,
				1310D0612400ED26002EBA84 /* Release */,
			);
			defaultConfigurationIsVisible = 0;
			defaultConfigurationName = Release;
		};
/* End XCConfigurationList section */
	};
	rootObject = 1310D0432400ED22002EBA84 /* Project object */;
}
